// !$*UTF8*$!
{
	archiveVersion = 1;
	classes = {
	};
	objectVersion = 56;
	objects = {

/* Begin PBXBuildFile section */
		F20732362BF5ECD3002F3A39 /* AppDelegate.swift in Sources */ = {isa = PBXBuildFile; fileRef = F20732352BF5ECD3002F3A39 /* AppDelegate.swift */; };
		F20732382BF5ECD3002F3A39 /* SceneDelegate.swift in Sources */ = {isa = PBXBuildFile; fileRef = F20732372BF5ECD3002F3A39 /* SceneDelegate.swift */; };
		F207323A2BF5ECD3002F3A39 /* ViewController.swift in Sources */ = {isa = PBXBuildFile; fileRef = F20732392BF5ECD3002F3A39 /* ViewController.swift */; };
		F207323D2BF5ECD4002F3A39 /* Base in Resources */ = {isa = PBXBuildFile; fileRef = F207323C2BF5ECD4002F3A39 /* Base */; };
		F207323F2BF5ECD5002F3A39 /* Assets.xcassets in Resources */ = {isa = PBXBuildFile; fileRef = F207323E2BF5ECD5002F3A39 /* Assets.xcassets */; };
		F20732422BF5ECD5002F3A39 /* Base in Resources */ = {isa = PBXBuildFile; fileRef = F20732412BF5ECD5002F3A39 /* Base */; };
		F207324C2BF5EFFF002F3A39 /* MyFirstCustomModel.mlmodel in Sources */ = {isa = PBXBuildFile; fileRef = F207324B2BF5EFFF002F3A39 /* MyFirstCustomModel.mlmodel */; };
		F207324E2BF61B73002F3A39 /* ModelDownloadManager.swift in Sources */ = {isa = PBXBuildFile; fileRef = F207324D2BF61B73002F3A39 /* ModelDownloadManager.swift */; };
/* End PBXBuildFile section */

/* Begin PBXFileReference section */
		F20732322BF5ECD3002F3A39 /* ContextCoreMLDemo.app */ = {isa = PBXFileReference; explicitFileType = wrapper.application; includeInIndex = 0; path = ContextCoreMLDemo.app; sourceTree = BUILT_PRODUCTS_DIR; };
		F20732352BF5ECD3002F3A39 /* AppDelegate.swift */ = {isa = PBXFileReference; lastKnownFileType = sourcecode.swift; path = AppDelegate.swift; sourceTree = "<group>"; };
		F20732372BF5ECD3002F3A39 /* SceneDelegate.swift */ = {isa = PBXFileReference; lastKnownFileType = sourcecode.swift; path = SceneDelegate.swift; sourceTree = "<group>"; };
		F20732392BF5ECD3002F3A39 /* ViewController.swift */ = {isa = PBXFileReference; lastKnownFileType = sourcecode.swift; path = ViewController.swift; sourceTree = "<group>"; };
		F207323C2BF5ECD4002F3A39 /* Base */ = {isa = PBXFileReference; lastKnownFileType = file.storyboard; name = Base; path = Base.lproj/Main.storyboard; sourceTree = "<group>"; };
		F207323E2BF5ECD5002F3A39 /* Assets.xcassets */ = {isa = PBXFileReference; lastKnownFileType = folder.assetcatalog; path = Assets.xcassets; sourceTree = "<group>"; };
		F20732412BF5ECD5002F3A39 /* Base */ = {isa = PBXFileReference; lastKnownFileType = file.storyboard; name = Base; path = Base.lproj/LaunchScreen.storyboard; sourceTree = "<group>"; };
		F20732432BF5ECD5002F3A39 /* Info.plist */ = {isa = PBXFileReference; lastKnownFileType = text.plist.xml; path = Info.plist; sourceTree = "<group>"; };
		F207324B2BF5EFFF002F3A39 /* MyFirstCustomModel.mlmodel */ = {isa = PBXFileReference; lastKnownFileType = file.mlmodel; path = MyFirstCustomModel.mlmodel; sourceTree = "<group>"; };
		F207324D2BF61B73002F3A39 /* ModelDownloadManager.swift */ = {isa = PBXFileReference; lastKnownFileType = sourcecode.swift; path = ModelDownloadManager.swift; sourceTree = "<group>"; };
/* End PBXFileReference section */

/* Begin PBXFrameworksBuildPhase section */
		F207322F2BF5ECD3002F3A39 /* Frameworks */ = {
			isa = PBXFrameworksBuildPhase;
			buildActionMask = 2147483647;
			files = (
			);
			runOnlyForDeploymentPostprocessing = 0;
		};
/* End PBXFrameworksBuildPhase section */

/* Begin PBXGroup section */
		F20732292BF5ECD3002F3A39 = {
			isa = PBXGroup;
			children = (
				F20732342BF5ECD3002F3A39 /* ContextCoreMLDemo */,
				F20732332BF5ECD3002F3A39 /* Products */,
			);
			sourceTree = "<group>";
		};
		F20732332BF5ECD3002F3A39 /* Products */ = {
			isa = PBXGroup;
			children = (
				F20732322BF5ECD3002F3A39 /* ContextCoreMLDemo.app */,
			);
			name = Products;
			sourceTree = "<group>";
		};
		F20732342BF5ECD3002F3A39 /* ContextCoreMLDemo */ = {
			isa = PBXGroup;
			children = (
				F20732352BF5ECD3002F3A39 /* AppDelegate.swift */,
				F20732372BF5ECD3002F3A39 /* SceneDelegate.swift */,
				F20732392BF5ECD3002F3A39 /* ViewController.swift */,
				F207323B2BF5ECD4002F3A39 /* Main.storyboard */,
				F207323E2BF5ECD5002F3A39 /* Assets.xcassets */,
				F20732402BF5ECD5002F3A39 /* LaunchScreen.storyboard */,
				F20732432BF5ECD5002F3A39 /* Info.plist */,
				F207324B2BF5EFFF002F3A39 /* MyFirstCustomModel.mlmodel */,
				F207324D2BF61B73002F3A39 /* ModelDownloadManager.swift */,
			);
			path = ContextCoreMLDemo;
			sourceTree = "<group>";
		};
/* End PBXGroup section */

/* Begin PBXNativeTarget section */
		F20732312BF5ECD3002F3A39 /* ContextCoreMLDemo */ = {
			isa = PBXNativeTarget;
			buildConfigurationList = F20732462BF5ECD5002F3A39 /* Build configuration list for PBXNativeTarget "ContextCoreMLDemo" */;
			buildPhases = (
				F207322E2BF5ECD3002F3A39 /* Sources */,
				F207322F2BF5ECD3002F3A39 /* Frameworks */,
				F20732302BF5ECD3002F3A39 /* Resources */,
			);
			buildRules = (
			);
			dependencies = (
			);
			name = ContextCoreMLDemo;
			productName = ContextCoreMLDemo;
			productReference = F20732322BF5ECD3002F3A39 /* ContextCoreMLDemo.app */;
			productType = "com.apple.product-type.application";
		};
/* End PBXNativeTarget section */

/* Begin PBXProject section */
		F207322A2BF5ECD3002F3A39 /* Project object */ = {
			isa = PBXProject;
			attributes = {
				BuildIndependentTargetsInParallel = 1;
				LastSwiftUpdateCheck = 1540;
				LastUpgradeCheck = 1540;
				TargetAttributes = {
					F20732312BF5ECD3002F3A39 = {
						CreatedOnToolsVersion = 15.4;
					};
				};
			};
			buildConfigurationList = F207322D2BF5ECD3002F3A39 /* Build configuration list for PBXProject "ContextCoreMLDemo" */;
			compatibilityVersion = "Xcode 14.0";
			developmentRegion = en;
			hasScannedForEncodings = 0;
			knownRegions = (
				en,
				Base,
			);
			mainGroup = F20732292BF5ECD3002F3A39;
			productRefGroup = F20732332BF5ECD3002F3A39 /* Products */;
			projectDirPath = "";
			projectRoot = "";
			targets = (
				F20732312BF5ECD3002F3A39 /* ContextCoreMLDemo */,
			);
		};
/* End PBXProject section */

/* Begin PBXResourcesBuildPhase section */
		F20732302BF5ECD3002F3A39 /* Resources */ = {
			isa = PBXResourcesBuildPhase;
			buildActionMask = 2147483647;
			files = (
				F207323F2BF5ECD5002F3A39 /* Assets.xcassets in Resources */,
				F20732422BF5ECD5002F3A39 /* Base in Resources */,
				F207323D2BF5ECD4002F3A39 /* Base in Resources */,
			);
			runOnlyForDeploymentPostprocessing = 0;
		};
/* End PBXResourcesBuildPhase section */

/* Begin PBXSourcesBuildPhase section */
		F207322E2BF5ECD3002F3A39 /* Sources */ = {
			isa = PBXSourcesBuildPhase;
			buildActionMask = 2147483647;
			files = (
				F207324C2BF5EFFF002F3A39 /* MyFirstCustomModel.mlmodel in Sources */,
				F207324E2BF61B73002F3A39 /* ModelDownloadManager.swift in Sources */,
				F207323A2BF5ECD3002F3A39 /* ViewController.swift in Sources */,
				F20732362BF5ECD3002F3A39 /* AppDelegate.swift in Sources */,
				F20732382BF5ECD3002F3A39 /* SceneDelegate.swift in Sources */,
			);
			runOnlyForDeploymentPostprocessing = 0;
		};
/* End PBXSourcesBuildPhase section */

/* Begin PBXVariantGroup section */
		F207323B2BF5ECD4002F3A39 /* Main.storyboard */ = {
			isa = PBXVariantGroup;
			children = (
				F207323C2BF5ECD4002F3A39 /* Base */,
			);
			name = Main.storyboard;
			sourceTree = "<group>";
		};
		F20732402BF5ECD5002F3A39 /* LaunchScreen.storyboard */ = {
			isa = PBXVariantGroup;
			children = (
				F20732412BF5ECD5002F3A39 /* Base */,
			);
			name = LaunchScreen.storyboard;
			sourceTree = "<group>";
		};
/* End PBXVariantGroup section */

/* Begin XCBuildConfiguration section */
		F20732442BF5ECD5002F3A39 /* Debug */ = {
			isa = XCBuildConfiguration;
			buildSettings = {
				ALWAYS_SEARCH_USER_PATHS = NO;
				ASSETCATALOG_COMPILER_GENERATE_SWIFT_ASSET_SYMBOL_EXTENSIONS = YES;
				CLANG_ANALYZER_NONNULL = YES;
				CLANG_ANALYZER_NUMBER_OBJECT_CONVERSION = YES_AGGRESSIVE;
				CLANG_CXX_LANGUAGE_STANDARD = "gnu++20";
				CLANG_ENABLE_MODULES = YES;
				CLANG_ENABLE_OBJC_ARC = YES;
				CLANG_ENABLE_OBJC_WEAK = YES;
				CLANG_WARN_BLOCK_CAPTURE_AUTORELEASING = YES;
				CLANG_WARN_BOOL_CONVERSION = YES;
				CLANG_WARN_COMMA = YES;
				CLANG_WARN_CONSTANT_CONVERSION = YES;
				CLANG_WARN_DEPRECATED_OBJC_IMPLEMENTATIONS = YES;
				CLANG_WARN_DIRECT_OBJC_ISA_USAGE = YES_ERROR;
				CLANG_WARN_DOCUMENTATION_COMMENTS = YES;
				CLANG_WARN_EMPTY_BODY = YES;
				CLANG_WARN_ENUM_CONVERSION = YES;
				CLANG_WARN_INFINITE_RECURSION = YES;
				CLANG_WARN_INT_CONVERSION = YES;
				CLANG_WARN_NON_LITERAL_NULL_CONVERSION = YES;
				CLANG_WARN_OBJC_IMPLICIT_RETAIN_SELF = YES;
				CLANG_WARN_OBJC_LITERAL_CONVERSION = YES;
				CLANG_WARN_OBJC_ROOT_CLASS = YES_ERROR;
				CLANG_WARN_QUOTED_INCLUDE_IN_FRAMEWORK_HEADER = YES;
				CLANG_WARN_RANGE_LOOP_ANALYSIS = YES;
				CLANG_WARN_STRICT_PROTOTYPES = YES;
				CLANG_WARN_SUSPICIOUS_MOVE = YES;
				CLANG_WARN_UNGUARDED_AVAILABILITY = YES_AGGRESSIVE;
				CLANG_WARN_UNREACHABLE_CODE = YES;
				CLANG_WARN__DUPLICATE_METHOD_MATCH = YES;
				COPY_PHASE_STRIP = NO;
				DEBUG_INFORMATION_FORMAT = dwarf;
				ENABLE_STRICT_OBJC_MSGSEND = YES;
				ENABLE_TESTABILITY = YES;
				ENABLE_USER_SCRIPT_SANDBOXING = YES;
				GCC_C_LANGUAGE_STANDARD = gnu17;
				GCC_DYNAMIC_NO_PIC = NO;
				GCC_NO_COMMON_BLOCKS = YES;
				GCC_OPTIMIZATION_LEVEL = 0;
				GCC_PREPROCESSOR_DEFINITIONS = (
					"DEBUG=1",
					"$(inherited)",
				);
				GCC_WARN_64_TO_32_BIT_CONVERSION = YES;
				GCC_WARN_ABOUT_RETURN_TYPE = YES_ERROR;
				GCC_WARN_UNDECLARED_SELECTOR = YES;
				GCC_WARN_UNINITIALIZED_AUTOS = YES_AGGRESSIVE;
				GCC_WARN_UNUSED_FUNCTION = YES;
				GCC_WARN_UNUSED_VARIABLE = YES;
				IPHONEOS_DEPLOYMENT_TARGET = 17.5;
				LOCALIZATION_PREFERS_STRING_CATALOGS = YES;
				MTL_ENABLE_DEBUG_INFO = INCLUDE_SOURCE;
				MTL_FAST_MATH = YES;
				ONLY_ACTIVE_ARCH = YES;
				SDKROOT = iphoneos;
				SWIFT_ACTIVE_COMPILATION_CONDITIONS = "DEBUG $(inherited)";
				SWIFT_OPTIMIZATION_LEVEL = "-Onone";
			};
			name = Debug;
		};
		F20732452BF5ECD5002F3A39 /* Release */ = {
			isa = XCBuildConfiguration;
			buildSettings = {
				ALWAYS_SEARCH_USER_PATHS = NO;
				ASSETCATALOG_COMPILER_GENERATE_SWIFT_ASSET_SYMBOL_EXTENSIONS = YES;
				CLANG_ANALYZER_NONNULL = YES;
				CLANG_ANALYZER_NUMBER_OBJECT_CONVERSION = YES_AGGRESSIVE;
				CLANG_CXX_LANGUAGE_STANDARD = "gnu++20";
				CLANG_ENABLE_MODULES = YES;
				CLANG_ENABLE_OBJC_ARC = YES;
				CLANG_ENABLE_OBJC_WEAK = YES;
				CLANG_WARN_BLOCK_CAPTURE_AUTORELEASING = YES;
				CLANG_WARN_BOOL_CONVERSION = YES;
				CLANG_WARN_COMMA = YES;
				CLANG_WARN_CONSTANT_CONVERSION = YES;
				CLANG_WARN_DEPRECATED_OBJC_IMPLEMENTATIONS = YES;
				CLANG_WARN_DIRECT_OBJC_ISA_USAGE = YES_ERROR;
				CLANG_WARN_DOCUMENTATION_COMMENTS = YES;
				CLANG_WARN_EMPTY_BODY = YES;
				CLANG_WARN_ENUM_CONVERSION = YES;
				CLANG_WARN_INFINITE_RECURSION = YES;
				CLANG_WARN_INT_CONVERSION = YES;
				CLANG_WARN_NON_LITERAL_NULL_CONVERSION = YES;
				CLANG_WARN_OBJC_IMPLICIT_RETAIN_SELF = YES;
				CLANG_WARN_OBJC_LITERAL_CONVERSION = YES;
				CLANG_WARN_OBJC_ROOT_CLASS = YES_ERROR;
				CLANG_WARN_QUOTED_INCLUDE_IN_FRAMEWORK_HEADER = YES;
				CLANG_WARN_RANGE_LOOP_ANALYSIS = YES;
				CLANG_WARN_STRICT_PROTOTYPES = YES;
				CLANG_WARN_SUSPICIOUS_MOVE = YES;
				CLANG_WARN_UNGUARDED_AVAILABILITY = YES_AGGRESSIVE;
				CLANG_WARN_UNREACHABLE_CODE = YES;
				CLANG_WARN__DUPLICATE_METHOD_MATCH = YES;
				COPY_PHASE_STRIP = NO;
				DEBUG_INFORMATION_FORMAT = "dwarf-with-dsym";
				ENABLE_NS_ASSERTIONS = NO;
				ENABLE_STRICT_OBJC_MSGSEND = YES;
				ENABLE_USER_SCRIPT_SANDBOXING = YES;
				GCC_C_LANGUAGE_STANDARD = gnu17;
				GCC_NO_COMMON_BLOCKS = YES;
				GCC_WARN_64_TO_32_BIT_CONVERSION = YES;
				GCC_WARN_ABOUT_RETURN_TYPE = YES_ERROR;
				GCC_WARN_UNDECLARED_SELECTOR = YES;
				GCC_WARN_UNINITIALIZED_AUTOS = YES_AGGRESSIVE;
				GCC_WARN_UNUSED_FUNCTION = YES;
				GCC_WARN_UNUSED_VARIABLE = YES;
				IPHONEOS_DEPLOYMENT_TARGET = 17.5;
				LOCALIZATION_PREFERS_STRING_CATALOGS = YES;
				MTL_ENABLE_DEBUG_INFO = NO;
				MTL_FAST_MATH = YES;
				SDKROOT = iphoneos;
				SWIFT_COMPILATION_MODE = wholemodule;
				VALIDATE_PRODUCT = YES;
			};
			name = Release;
		};
		F20732472BF5ECD5002F3A39 /* Debug */ = {
			isa = XCBuildConfiguration;
			buildSettings = {
				ASSETCATALOG_COMPILER_APPICON_NAME = AppIcon;
				ASSETCATALOG_COMPILER_GLOBAL_ACCENT_COLOR_NAME = AccentColor;
				CODE_SIGN_STYLE = Automatic;
				CURRENT_PROJECT_VERSION = 1;
				DEVELOPMENT_TEAM = 35BGN5XEU6;
				GENERATE_INFOPLIST_FILE = YES;
				INFOPLIST_FILE = ContextCoreMLDemo/Info.plist;
				INFOPLIST_KEY_UIApplicationSupportsIndirectInputEvents = YES;
				INFOPLIST_KEY_UILaunchStoryboardName = LaunchScreen;
				INFOPLIST_KEY_UIMainStoryboardFile = Main;
				INFOPLIST_KEY_UISupportedInterfaceOrientations_iPad = "UIInterfaceOrientationPortrait UIInterfaceOrientationPortraitUpsideDown UIInterfaceOrientationLandscapeLeft UIInterfaceOrientationLandscapeRight";
				INFOPLIST_KEY_UISupportedInterfaceOrientations_iPhone = "UIInterfaceOrientationPortrait UIInterfaceOrientationLandscapeLeft UIInterfaceOrientationLandscapeRight";
				LD_RUNPATH_SEARCH_PATHS = (
					"$(inherited)",
					"@executable_path/Frameworks",
				);
				MARKETING_VERSION = 1.0;
				PRODUCT_BUNDLE_IDENTIFIER = com.contextsdk.ContextCoreMLDemo;
				PRODUCT_NAME = "$(TARGET_NAME)";
				SWIFT_EMIT_LOC_STRINGS = YES;
				SWIFT_VERSION = 5.0;
				TARGETED_DEVICE_FAMILY = "1,2";
			};
			name = Debug;
		};
		F20732482BF5ECD5002F3A39 /* Release */ = {
			isa = XCBuildConfiguration;
			buildSettings = {
				ASSETCATALOG_COMPILER_APPICON_NAME = AppIcon;
				ASSETCATALOG_COMPILER_GLOBAL_ACCENT_COLOR_NAME = AccentColor;
				CODE_SIGN_STYLE = Automatic;
				CURRENT_PROJECT_VERSION = 1;
				DEVELOPMENT_TEAM = 35BGN5XEU6;
				GENERATE_INFOPLIST_FILE = YES;
				INFOPLIST_FILE = ContextCoreMLDemo/Info.plist;
				INFOPLIST_KEY_UIApplicationSupportsIndirectInputEvents = YES;
				INFOPLIST_KEY_UILaunchStoryboardName = LaunchScreen;
				INFOPLIST_KEY_UIMainStoryboardFile = Main;
				INFOPLIST_KEY_UISupportedInterfaceOrientations_iPad = "UIInterfaceOrientationPortrait UIInterfaceOrientationPortraitUpsideDown UIInterfaceOrientationLandscapeLeft UIInterfaceOrientationLandscapeRight";
				INFOPLIST_KEY_UISupportedInterfaceOrientations_iPhone = "UIInterfaceOrientationPortrait UIInterfaceOrientationLandscapeLeft UIInterfaceOrientationLandscapeRight";
				LD_RUNPATH_SEARCH_PATHS = (
					"$(inherited)",
					"@executable_path/Frameworks",
				);
				MARKETING_VERSION = 1.0;
				PRODUCT_BUNDLE_IDENTIFIER = com.contextsdk.ContextCoreMLDemo;
				PRODUCT_NAME = "$(TARGET_NAME)";
				SWIFT_EMIT_LOC_STRINGS = YES;
				SWIFT_VERSION = 5.0;
				TARGETED_DEVICE_FAMILY = "1,2";
			};
			name = Release;
		};
/* End XCBuildConfiguration section */

/* Begin XCConfigurationList section */
		F207322D2BF5ECD3002F3A39 /* Build configuration list for PBXProject "ContextCoreMLDemo" */ = {
			isa = XCConfigurationList;
			buildConfigurations = (
				F20732442BF5ECD5002F3A39 /* Debug */,
				F20732452BF5ECD5002F3A39 /* Release */,
			);
			defaultConfigurationIsVisible = 0;
			defaultConfigurationName = Release;
		};
		F20732462BF5ECD5002F3A39 /* Build configuration list for PBXNativeTarget "ContextCoreMLDemo" */ = {
			isa = XCConfigurationList;
			buildConfigurations = (
				F20732472BF5ECD5002F3A39 /* Debug */,
				F20732482BF5ECD5002F3A39 /* Release */,
			);
			defaultConfigurationIsVisible = 0;
			defaultConfigurationName = Release;
		};
/* End XCConfigurationList section */
	};
	rootObject = F207322A2BF5ECD3002F3A39 /* Project object */;
}
